// !$*UTF8*$!
{
	archiveVersion = 1;
	classes = {
	};
	objectVersion = 46;
	objects = {

/* Begin PBXBuildFile section */
		8D45FC8F1D050EDB0097E2A6 /* AppDelegate.swift in Sources */ = {isa = PBXBuildFile; fileRef = 8D45FC8E1D050EDB0097E2A6 /* AppDelegate.swift */; };
		8D45FC911D050EDB0097E2A6 /* ViewController.swift in Sources */ = {isa = PBXBuildFile; fileRef = 8D45FC901D050EDB0097E2A6 /* ViewController.swift */; };
		8D45FC941D050EDB0097E2A6 /* Main.storyboard in Resources */ = {isa = PBXBuildFile; fileRef = 8D45FC921D050EDB0097E2A6 /* Main.storyboard */; };
		8D45FC961D050EDB0097E2A6 /* Assets.xcassets in Resources */ = {isa = PBXBuildFile; fileRef = 8D45FC951D050EDB0097E2A6 /* Assets.xcassets */; };
		8D45FC991D050EDB0097E2A6 /* LaunchScreen.storyboard in Resources */ = {isa = PBXBuildFile; fileRef = 8D45FC971D050EDB0097E2A6 /* LaunchScreen.storyboard */; };
		8D45FCA21D050F180097E2A6 /* HHEmojiManage.swift in Sources */ = {isa = PBXBuildFile; fileRef = 8D45FCA11D050F180097E2A6 /* HHEmojiManage.swift */; };
		8D45FCA41D0562D10097E2A6 /* EmojisList.plist in Resources */ = {isa = PBXBuildFile; fileRef = 8D45FCA31D0562D10097E2A6 /* EmojisList.plist */; };
		8D45FCA61D0564DB0097E2A6 /* HHEmojiKeyboard.swift in Sources */ = {isa = PBXBuildFile; fileRef = 8D45FCA51D0564DB0097E2A6 /* HHEmojiKeyboard.swift */; };
		8D45FCA81D0567650097E2A6 /* HHEmojiKeyboardCell.swift in Sources */ = {isa = PBXBuildFile; fileRef = 8D45FCA71D0567650097E2A6 /* HHEmojiKeyboardCell.swift */; };
		8D45FCAB1D066B000097E2A6 /* aio_face_delete_pressed@2x.png in Resources */ = {isa = PBXBuildFile; fileRef = 8D45FCA91D066B000097E2A6 /* aio_face_delete_pressed@2x.png */; };
		8D45FCAC1D066B000097E2A6 /* aio_face_delete@2x.png in Resources */ = {isa = PBXBuildFile; fileRef = 8D45FCAA1D066B000097E2A6 /* aio_face_delete@2x.png */; };
		8D45FCAE1D066B8F0097E2A6 /* HHImageKeyboardCell.swift in Sources */ = {isa = PBXBuildFile; fileRef = 8D45FCAD1D066B8F0097E2A6 /* HHImageKeyboardCell.swift */; };
		8D45FCB01D0671640097E2A6 /* HHCollectionViewFlowLayout.swift in Sources */ = {isa = PBXBuildFile; fileRef = 8D45FCAF1D0671640097E2A6 /* HHCollectionViewFlowLayout.swift */; };
/* End PBXBuildFile section */

/* Begin PBXFileReference section */
		8D45FC8B1D050EDB0097E2A6 /* HHEmojiKeyboard.app */ = {isa = PBXFileReference; explicitFileType = wrapper.application; includeInIndex = 0; path = HHEmojiKeyboard.app; sourceTree = BUILT_PRODUCTS_DIR; };
		8D45FC8E1D050EDB0097E2A6 /* AppDelegate.swift */ = {isa = PBXFileReference; lastKnownFileType = sourcecode.swift; path = AppDelegate.swift; sourceTree = "<group>"; };
		8D45FC901D050EDB0097E2A6 /* ViewController.swift */ = {isa = PBXFileReference; lastKnownFileType = sourcecode.swift; path = ViewController.swift; sourceTree = "<group>"; };
		8D45FC931D050EDB0097E2A6 /* Base */ = {isa = PBXFileReference; lastKnownFileType = file.storyboard; name = Base; path = Base.lproj/Main.storyboard; sourceTree = "<group>"; };
		8D45FC951D050EDB0097E2A6 /* Assets.xcassets */ = {isa = PBXFileReference; lastKnownFileType = folder.assetcatalog; path = Assets.xcassets; sourceTree = "<group>"; };
		8D45FC981D050EDB0097E2A6 /* Base */ = {isa = PBXFileReference; lastKnownFileType = file.storyboard; name = Base; path = Base.lproj/LaunchScreen.storyboard; sourceTree = "<group>"; };
		8D45FC9A1D050EDB0097E2A6 /* Info.plist */ = {isa = PBXFileReference; lastKnownFileType = text.plist.xml; path = Info.plist; sourceTree = "<group>"; };
		8D45FCA11D050F180097E2A6 /* HHEmojiManage.swift */ = {isa = PBXFileReference; fileEncoding = 4; lastKnownFileType = sourcecode.swift; path = HHEmojiManage.swift; sourceTree = "<group>"; };
		8D45FCA31D0562D10097E2A6 /* EmojisList.plist */ = {isa = PBXFileReference; lastKnownFileType = file.bplist; path = EmojisList.plist; sourceTree = "<group>"; };
		8D45FCA51D0564DB0097E2A6 /* HHEmojiKeyboard.swift */ = {isa = PBXFileReference; fileEncoding = 4; lastKnownFileType = sourcecode.swift; path = HHEmojiKeyboard.swift; sourceTree = "<group>"; };
		8D45FCA71D0567650097E2A6 /* HHEmojiKeyboardCell.swift */ = {isa = PBXFileReference; fileEncoding = 4; lastKnownFileType = sourcecode.swift; path = HHEmojiKeyboardCell.swift; sourceTree = "<group>"; };
		8D45FCA91D066B000097E2A6 /* aio_face_delete_pressed@2x.png */ = {isa = PBXFileReference; lastKnownFileType = image.png; path = "aio_face_delete_pressed@2x.png"; sourceTree = "<group>"; };
		8D45FCAA1D066B000097E2A6 /* aio_face_delete@2x.png */ = {isa = PBXFileReference; lastKnownFileType = image.png; path = "aio_face_delete@2x.png"; sourceTree = "<group>"; };
		8D45FCAD1D066B8F0097E2A6 /* HHImageKeyboardCell.swift */ = {isa = PBXFileReference; fileEncoding = 4; lastKnownFileType = sourcecode.swift; path = HHImageKeyboardCell.swift; sourceTree = "<group>"; };
		8D45FCAF1D0671640097E2A6 /* HHCollectionViewFlowLayout.swift */ = {isa = PBXFileReference; fileEncoding = 4; lastKnownFileType = sourcecode.swift; path = HHCollectionViewFlowLayout.swift; sourceTree = "<group>"; };
/* End PBXFileReference section */

/* Begin PBXFrameworksBuildPhase section */
		8D45FC881D050EDB0097E2A6 /* Frameworks */ = {
			isa = PBXFrameworksBuildPhase;
			buildActionMask = 2147483647;
			files = (
			);
			runOnlyForDeploymentPostprocessing = 0;
		};
/* End PBXFrameworksBuildPhase section */

/* Begin PBXGroup section */
		8D45FC821D050EDB0097E2A6 = {
			isa = PBXGroup;
			children = (
				8D45FC8D1D050EDB0097E2A6 /* HHEmojiKeyboard */,
				8D45FC8C1D050EDB0097E2A6 /* Products */,
			);
			sourceTree = "<group>";
		};
		8D45FC8C1D050EDB0097E2A6 /* Products */ = {
			isa = PBXGroup;
			children = (
				8D45FC8B1D050EDB0097E2A6 /* HHEmojiKeyboard.app */,
			);
			name = Products;
			sourceTree = "<group>";
		};
		8D45FC8D1D050EDB0097E2A6 /* HHEmojiKeyboard */ = {
			isa = PBXGroup;
			children = (
				8D45FCA01D050EFF0097E2A6 /* EmojiKeyboard */,
				8D45FC8E1D050EDB0097E2A6 /* AppDelegate.swift */,
				8D45FC901D050EDB0097E2A6 /* ViewController.swift */,
				8D45FC921D050EDB0097E2A6 /* Main.storyboard */,
				8D45FC951D050EDB0097E2A6 /* Assets.xcassets */,
				8D45FC971D050EDB0097E2A6 /* LaunchScreen.storyboard */,
				8D45FC9A1D050EDB0097E2A6 /* Info.plist */,
			);
			path = HHEmojiKeyboard;
			sourceTree = "<group>";
		};
		8D45FCA01D050EFF0097E2A6 /* EmojiKeyboard */ = {
			isa = PBXGroup;
			children = (
				8D45FCA91D066B000097E2A6 /* aio_face_delete_pressed@2x.png */,
				8D45FCAA1D066B000097E2A6 /* aio_face_delete@2x.png */,
				8D45FCA31D0562D10097E2A6 /* EmojisList.plist */,
				8D45FCA11D050F180097E2A6 /* HHEmojiManage.swift */,
				8D45FCA51D0564DB0097E2A6 /* HHEmojiKeyboard.swift */,
				8D45FCAF1D0671640097E2A6 /* HHCollectionViewFlowLayout.swift */,
				8D45FCA71D0567650097E2A6 /* HHEmojiKeyboardCell.swift */,
				8D45FCAD1D066B8F0097E2A6 /* HHImageKeyboardCell.swift */,
			);
			path = EmojiKeyboard;
			sourceTree = "<group>";
		};
/* End PBXGroup section */

/* Begin PBXNativeTarget section */
		8D45FC8A1D050EDB0097E2A6 /* HHEmojiKeyboard */ = {
			isa = PBXNativeTarget;
			buildConfigurationList = 8D45FC9D1D050EDB0097E2A6 /* Build configuration list for PBXNativeTarget "HHEmojiKeyboard" */;
			buildPhases = (
				8D45FC871D050EDB0097E2A6 /* Sources */,
				8D45FC881D050EDB0097E2A6 /* Frameworks */,
				8D45FC891D050EDB0097E2A6 /* Resources */,
			);
			buildRules = (
			);
			dependencies = (
			);
			name = HHEmojiKeyboard;
			productName = HHEmojiKeyboard;
			productReference = 8D45FC8B1D050EDB0097E2A6 /* HHEmojiKeyboard.app */;
			productType = "com.apple.product-type.application";
		};
/* End PBXNativeTarget section */

/* Begin PBXProject section */
		8D45FC831D050EDB0097E2A6 /* Project object */ = {
			isa = PBXProject;
			attributes = {
				LastSwiftUpdateCheck = 0730;
				LastUpgradeCheck = 0730;
				ORGANIZATIONNAME = caohuihui;
				TargetAttributes = {
					8D45FC8A1D050EDB0097E2A6 = {
						CreatedOnToolsVersion = 7.3;
						DevelopmentTeam = 8G4V96C2TB;
					};
				};
			};
			buildConfigurationList = 8D45FC861D050EDB0097E2A6 /* Build configuration list for PBXProject "HHEmojiKeyboard" */;
			compatibilityVersion = "Xcode 3.2";
			developmentRegion = English;
			hasScannedForEncodings = 0;
			knownRegions = (
				en,
				Base,
			);
			mainGroup = 8D45FC821D050EDB0097E2A6;
			productRefGroup = 8D45FC8C1D050EDB0097E2A6 /* Products */;
			projectDirPath = "";
			projectRoot = "";
			targets = (
				8D45FC8A1D050EDB0097E2A6 /* HHEmojiKeyboard */,
			);
		};
/* End PBXProject section */

/* Begin PBXResourcesBuildPhase section */
		8D45FC891D050EDB0097E2A6 /* Resources */ = {
			isa = PBXResourcesBuildPhase;
			buildActionMask = 2147483647;
			files = (
				8D45FCAB1D066B000097E2A6 /* aio_face_delete_pressed@2x.png in Resources */,
				8D45FC991D050EDB0097E2A6 /* LaunchScreen.storyboard in Resources */,
				8D45FCAC1D066B000097E2A6 /* aio_face_delete@2x.png in Resources */,
				8D45FCA41D0562D10097E2A6 /* EmojisList.plist in Resources */,
				8D45FC961D050EDB0097E2A6 /* Assets.xcassets in Resources */,
				8D45FC941D050EDB0097E2A6 /* Main.storyboard in Resources */,
			);
			runOnlyForDeploymentPostprocessing = 0;
		};
/* End PBXResourcesBuildPhase section */

/* Begin PBXSourcesBuildPhase section */
		8D45FC871D050EDB0097E2A6 /* Sources */ = {
			isa = PBXSourcesBuildPhase;
			buildActionMask = 2147483647;
			files = (
				8D45FCB01D0671640097E2A6 /* HHCollectionViewFlowLayout.swift in Sources */,
				8D45FC911D050EDB0097E2A6 /* ViewController.swift in Sources */,
				8D45FCA61D0564DB0097E2A6 /* HHEmojiKeyboard.swift in Sources */,
				8D45FCA21D050F180097E2A6 /* HHEmojiManage.swift in Sources */,
				8D45FC8F1D050EDB0097E2A6 /* AppDelegate.swift in Sources */,
				8D45FCAE1D066B8F0097E2A6 /* HHImageKeyboardCell.swift in Sources */,
				8D45FCA81D0567650097E2A6 /* HHEmojiKeyboardCell.swift in Sources */,
			);
			runOnlyForDeploymentPostprocessing = 0;
		};
/* End PBXSourcesBuildPhase section */

/* Begin PBXVariantGroup section */
		8D45FC921D050EDB0097E2A6 /* Main.storyboard */ = {
			isa = PBXVariantGroup;
			children = (
				8D45FC931D050EDB0097E2A6 /* Base */,
			);
			name = Main.storyboard;
			sourceTree = "<group>";
		};
		8D45FC971D050EDB0097E2A6 /* LaunchScreen.storyboard */ = {
			isa = PBXVariantGroup;
			children = (
				8D45FC981D050EDB0097E2A6 /* Base */,
			);
			name = LaunchScreen.storyboard;
			sourceTree = "<group>";
		};
/* End PBXVariantGroup section */

/* Begin XCBuildConfiguration section */
		8D45FC9B1D050EDB0097E2A6 /* Debug */ = {
			isa = XCBuildConfiguration;
			buildSettings = {
				ALWAYS_SEARCH_USER_PATHS = NO;
				CLANG_ANALYZER_NONNULL = YES;
				CLANG_CXX_LANGUAGE_STANDARD = "gnu++0x";
				CLANG_CXX_LIBRARY = "libc++";
				CLANG_ENABLE_MODULES = YES;
				CLANG_ENABLE_OBJC_ARC = YES;
				CLANG_WARN_BOOL_CONVERSION = YES;
				CLANG_WARN_CONSTANT_CONVERSION = YES;
				CLANG_WARN_DIRECT_OBJC_ISA_USAGE = YES_ERROR;
				CLANG_WARN_EMPTY_BODY = YES;
				CLANG_WARN_ENUM_CONVERSION = YES;
				CLANG_WARN_INT_CONVERSION = YES;
				CLANG_WARN_OBJC_ROOT_CLASS = YES_ERROR;
				CLANG_WARN_UNREACHABLE_CODE = YES;
				CLANG_WARN__DUPLICATE_METHOD_MATCH = YES;
				"CODE_SIGN_IDENTITY[sdk=iphoneos*]" = "iPhone Developer";
				COPY_PHASE_STRIP = NO;
				DEBUG_INFORMATION_FORMAT = dwarf;
				ENABLE_STRICT_OBJC_MSGSEND = YES;
				ENABLE_TESTABILITY = YES;
				GCC_C_LANGUAGE_STANDARD = gnu99;
				GCC_DYNAMIC_NO_PIC = NO;
				GCC_NO_COMMON_BLOCKS = YES;
				GCC_OPTIMIZATION_LEVEL = 0;
				GCC_PREPROCESSOR_DEFINITIONS = (
					"DEBUG=1",
					"$(inherited)",
				);
				GCC_WARN_64_TO_32_BIT_CONVERSION = YES;
				GCC_WARN_ABOUT_RETURN_TYPE = YES_ERROR;
				GCC_WARN_UNDECLARED_SELECTOR = YES;
				GCC_WARN_UNINITIALIZED_AUTOS = YES_AGGRESSIVE;
				GCC_WARN_UNUSED_FUNCTION = YES;
				GCC_WARN_UNUSED_VARIABLE = YES;
				IPHONEOS_DEPLOYMENT_TARGET = 9.3;
				MTL_ENABLE_DEBUG_INFO = YES;
				ONLY_ACTIVE_ARCH = YES;
				SDKROOT = iphoneos;
				SWIFT_OPTIMIZATION_LEVEL = "-Onone";
				TARGETED_DEVICE_FAMILY = "1,2";
			};
			name = Debug;
		};
		8D45FC9C1D050EDB0097E2A6 /* Release */ = {
			isa = XCBuildConfiguration;
			buildSettings = {
				ALWAYS_SEARCH_USER_PATHS = NO;
				CLANG_ANALYZER_NONNULL = YES;
				CLANG_CXX_LANGUAGE_STANDARD = "gnu++0x";
				CLANG_CXX_LIBRARY = "libc++";
				CLANG_ENABLE_MODULES = YES;
				CLANG_ENABLE_OBJC_ARC = YES;
				CLANG_WARN_BOOL_CONVERSION = YES;
				CLANG_WARN_CONSTANT_CONVERSION = YES;
				CLANG_WARN_DIRECT_OBJC_ISA_USAGE = YES_ERROR;
				CLANG_WARN_EMPTY_BODY = YES;
				CLANG_WARN_ENUM_CONVERSION = YES;
				CLANG_WARN_INT_CONVERSION = YES;
				CLANG_WARN_OBJC_ROOT_CLASS = YES_ERROR;
				CLANG_WARN_UNREACHABLE_CODE = YES;
				CLANG_WARN__DUPLICATE_METHOD_MATCH = YES;
				"CODE_SIGN_IDENTITY[sdk=iphoneos*]" = "iPhone Developer";
				COPY_PHASE_STRIP = NO;
				DEBUG_INFORMATION_FORMAT = "dwarf-with-dsym";
				ENABLE_NS_ASSERTIONS = NO;
				ENABLE_STRICT_OBJC_MSGSEND = YES;
				GCC_C_LANGUAGE_STANDARD = gnu99;
				GCC_NO_COMMON_BLOCKS = YES;
				GCC_WARN_64_TO_32_BIT_CONVERSION = YES;
				GCC_WARN_ABOUT_RETURN_TYPE = YES_ERROR;
				GCC_WARN_UNDECLARED_SELECTOR = YES;
				GCC_WARN_UNINITIALIZED_AUTOS = YES_AGGRESSIVE;
				GCC_WARN_UNUSED_FUNCTION = YES;
				GCC_WARN_UNUSED_VARIABLE = YES;
				IPHONEOS_DEPLOYMENT_TARGET = 9.3;
				MTL_ENABLE_DEBUG_INFO = NO;
				SDKROOT = iphoneos;
				TARGETED_DEVICE_FAMILY = "1,2";
				VALIDATE_PRODUCT = YES;
			};
			name = Release;
		};
		8D45FC9E1D050EDB0097E2A6 /* Debug */ = {
			isa = XCBuildConfiguration;
			buildSettings = {
				ASSETCATALOG_COMPILER_APPICON_NAME = AppIcon;
				INFOPLIST_FILE = HHEmojiKeyboard/Info.plist;
				LD_RUNPATH_SEARCH_PATHS = "$(inherited) @executable_path/Frameworks";
				PRODUCT_BUNDLE_IDENTIFIER = com.caohuihui.HHEmojiKeyboard;
				PRODUCT_NAME = "$(TARGET_NAME)";
			};
			name = Debug;
		};
		8D45FC9F1D050EDB0097E2A6 /* Release */ = {
			isa = XCBuildConfiguration;
			buildSettings = {
				ASSETCATALOG_COMPILER_APPICON_NAME = AppIcon;
				INFOPLIST_FILE = HHEmojiKeyboard/Info.plist;
				LD_RUNPATH_SEARCH_PATHS = "$(inherited) @executable_path/Frameworks";
				PRODUCT_BUNDLE_IDENTIFIER = com.caohuihui.HHEmojiKeyboard;
				PRODUCT_NAME = "$(TARGET_NAME)";
			};
			name = Release;
		};
/* End XCBuildConfiguration section */

/* Begin XCConfigurationList section */
		8D45FC861D050EDB0097E2A6 /* Build configuration list for PBXProject "HHEmojiKeyboard" */ = {
			isa = XCConfigurationList;
			buildConfigurations = (
				8D45FC9B1D050EDB0097E2A6 /* Debug */,
				8D45FC9C1D050EDB0097E2A6 /* Release */,
			);
			defaultConfigurationIsVisible = 0;
			defaultConfigurationName = Release;
		};
		8D45FC9D1D050EDB0097E2A6 /* Build configuration list for PBXNativeTarget "HHEmojiKeyboard" */ = {
			isa = XCConfigurationList;
			buildConfigurations = (
				8D45FC9E1D050EDB0097E2A6 /* Debug */,
				8D45FC9F1D050EDB0097E2A6 /* Release */,
			);
			defaultConfigurationIsVisible = 0;
			defaultConfigurationName = Release;
		};
/* End XCConfigurationList section */
	};
	rootObject = 8D45FC831D050EDB0097E2A6 /* Project object */;
}
